
Microsoft Visual Studio Solution File, Format Version 12.00
# Visual Studio Version 17
VisualStudioVersion = 17.1.32407.343
MinimumVisualStudioVersion = 10.0.40219.1
Project("{9A19103F-16F7-4668-BE54-9A1E7A4F7556}") = "BCL.API", "BCL.API\BCL.API.csproj", "{8CF0A041-F743-4394-805C-2EB035F7143F}"
EndProject
Project("{9A19103F-16F7-4668-BE54-9A1E7A4F7556}") = "BCL.Discord", "BCL.Discord\BCL.Discord.csproj", "{6D5D5543-834C-41E6-8C5F-9B983A06E55A}"
EndProject
Project("{9A19103F-16F7-4668-BE54-9A1E7A4F7556}") = "BCL.Build", "BCL.Build\BCL.Build.csproj", "{F0CFF9F7-B73A-4A3B-9E24-05906E259BA7}"
EndProject
Project("{9A19103F-16F7-4668-BE54-9A1E7A4F7556}") = "BCL.Common", "BCL.Common\BCL.Common.csproj", "{E98E9BA4-4C9A-41AE-9C32-0C3C0A777EA3}"
EndProject
Project("{2150E333-8FDC-42A3-9474-1A3956D46DE8}") = "00 Build", "00 Build", "{002A68FF-56FE-45A7-BA5A-BE57F9BD7A3C}"
EndProject
Project("{2150E333-8FDC-42A3-9474-1A3956D46DE8}") = "01 Presentation", "01 Presentation", "{1AB05732-8D35-43C2-9901-FEE53AD688FC}"
EndProject
Project("{2150E333-8FDC-42A3-9474-1A3956D46DE8}") = "02 Business", "02 Business", "{A0315933-E5BB-4802-8908-E5DF3122CE34}"
EndProject
Project("{9A19103F-16F7-4668-BE54-9A1E7A4F7556}") = "BCL.Core", "BCL.Core\BCL.Core.csproj", "{B4AF93D1-9600-4D9B-A839-A96D42EDFB80}"
EndProject
Project("{9A19103F-16F7-4668-BE54-9A1E7A4F7556}") = "BCL.Domain", "BCL.Domain\BCL.Domain.csproj", "{DEB4E69D-A90C-46D4-8B4B-7D14EA31B02B}"
EndProject
Project("{2150E333-8FDC-42A3-9474-1A3956D46DE8}") = "03 Infrastructure", "03 Infrastructure", "{BEE08A0A-A1AD-4E9A-94BA-A9CF9AF64029}"
EndProject
Project("{9A19103F-16F7-4668-BE54-9A1E7A4F7556}") = "BCL.Persistence.Sqlite", "BCL.Persistence.Sqlite\BCL.Persistence.Sqlite.csproj", "{BA8FCCB1-17D1-4D44-B3CE-A48C1E294423}"
EndProject
Project("{2150E333-8FDC-42A3-9474-1A3956D46DE8}") = "04 Common", "04 Common", "{1A56D0F3-A76D-4557-96E6-430A366A2E26}"
EndProject
Project("{2150E333-8FDC-42A3-9474-1A3956D46DE8}") = "05 Tests", "05 Tests", "{492B68BA-A624-4D83-AB63-3B54A43A68D7}"
EndProject
Project("{9A19103F-16F7-4668-BE54-9A1E7A4F7556}") = "BCL.Tests", "BCL.Tests\BCL.Tests.csproj", "{29FF3122-2C57-4456-9562-7E9994246B74}"
EndProject
Project("{2150E333-8FDC-42A3-9474-1A3956D46DE8}") = "06 Docker", "06 Docker", "{6CAEE467-793B-4D5B-8C1B-7CAB253FFE54}"
EndProject
Project("{2150E333-8FDC-42A3-9474-1A3956D46DE8}") = "07 Solution Items", "07 Solution Items", "{39749219-DA41-46EF-B2D7-E92722681DB0}"
	ProjectSection(SolutionItems) = preProject
		.editorconfig = .editorconfig
		..\.gitignore = ..\.gitignore
		BCL.API\BclDataBase.db = BCL.API\BclDataBase.db
	EndProjectSection
EndProject
Project("{2150E333-8FDC-42A3-9474-1A3956D46DE8}") = "08 Libraries", "08 Libraries", "{82AA2092-23F5-4BDC-A267-AF1E4959AA5B}"
EndProject
Global
	GlobalSection(SolutionConfigurationPlatforms) = preSolution
		Debug|Any CPU = Debug|Any CPU
		Release|Any CPU = Release|Any CPU
	EndGlobalSection
	GlobalSection(ProjectConfigurationPlatforms) = postSolution
		{8CF0A041-F743-4394-805C-2EB035F7143F}.Debug|Any CPU.ActiveCfg = Debug|Any CPU
		{8CF0A041-F743-4394-805C-2EB035F7143F}.Debug|Any CPU.Build.0 = Debug|Any CPU
		{8CF0A041-F743-4394-805C-2EB035F7143F}.Release|Any CPU.ActiveCfg = Release|Any CPU
		{8CF0A041-F743-4394-805C-2EB035F7143F}.Release|Any CPU.Build.0 = Release|Any CPU
		{6D5D5543-834C-41E6-8C5F-9B983A06E55A}.Debug|Any CPU.ActiveCfg = Debug|Any CPU
		{6D5D5543-834C-41E6-8C5F-9B983A06E55A}.Debug|Any CPU.Build.0 = Debug|Any CPU
		{6D5D5543-834C-41E6-8C5F-9B983A06E55A}.Release|Any CPU.ActiveCfg = Release|Any CPU
		{6D5D5543-834C-41E6-8C5F-9B983A06E55A}.Release|Any CPU.Build.0 = Release|Any CPU
		{F0CFF9F7-B73A-4A3B-9E24-05906E259BA7}.Debug|Any CPU.ActiveCfg = Debug|Any CPU
		{F0CFF9F7-B73A-4A3B-9E24-05906E259BA7}.Release|Any CPU.ActiveCfg = Release|Any CPU
		{E98E9BA4-4C9A-41AE-9C32-0C3C0A777EA3}.Debug|Any CPU.ActiveCfg = Debug|Any CPU
		{E98E9BA4-4C9A-41AE-9C32-0C3C0A777EA3}.Debug|Any CPU.Build.0 = Debug|Any CPU
		{E98E9BA4-4C9A-41AE-9C32-0C3C0A777EA3}.Release|Any CPU.ActiveCfg = Release|Any CPU
		{E98E9BA4-4C9A-41AE-9C32-0C3C0A777EA3}.Release|Any CPU.Build.0 = Release|Any CPU
		{B4AF93D1-9600-4D9B-A839-A96D42EDFB80}.Debug|Any CPU.ActiveCfg = Debug|Any CPU
		{B4AF93D1-9600-4D9B-A839-A96D42EDFB80}.Debug|Any CPU.Build.0 = Debug|Any CPU
		{B4AF93D1-9600-4D9B-A839-A96D42EDFB80}.Release|Any CPU.ActiveCfg = Release|Any CPU
		{B4AF93D1-9600-4D9B-A839-A96D42EDFB80}.Release|Any CPU.Build.0 = Release|Any CPU
		{DEB4E69D-A90C-46D4-8B4B-7D14EA31B02B}.Debug|Any CPU.ActiveCfg = Debug|Any CPU
		{DEB4E69D-A90C-46D4-8B4B-7D14EA31B02B}.Debug|Any CPU.Build.0 = Debug|Any CPU
		{DEB4E69D-A90C-46D4-8B4B-7D14EA31B02B}.Release|Any CPU.ActiveCfg = Release|Any CPU
		{DEB4E69D-A90C-46D4-8B4B-7D14EA31B02B}.Release|Any CPU.Build.0 = Release|Any CPU
		{BA8FCCB1-17D1-4D44-B3CE-A48C1E294423}.Debug|Any CPU.ActiveCfg = Debug|Any CPU
		{BA8FCCB1-17D1-4D44-B3CE-A48C1E294423}.Debug|Any CPU.Build.0 = Debug|Any CPU
		{BA8FCCB1-17D1-4D44-B3CE-A48C1E294423}.Release|Any CPU.ActiveCfg = Release|Any CPU
		{BA8FCCB1-17D1-4D44-B3CE-A48C1E294423}.Release|Any CPU.Build.0 = Release|Any CPU
		{29FF3122-2C57-4456-9562-7E9994246B74}.Debug|Any CPU.ActiveCfg = Debug|Any CPU
		{29FF3122-2C57-4456-9562-7E9994246B74}.Debug|Any CPU.Build.0 = Debug|Any CPU
		{29FF3122-2C57-4456-9562-7E9994246B74}.Release|Any CPU.ActiveCfg = Release|Any CPU
		{29FF3122-2C57-4456-9562-7E9994246B74}.Release|Any CPU.Build.0 = Release|Any CPU
	EndGlobalSection
	GlobalSection(SolutionProperties) = preSolution
		HideSolutionNode = FALSE
	EndGlobalSection
	GlobalSection(NestedProjects) = preSolution
		{8CF0A041-F743-4394-805C-2EB035F7143F} = {1AB05732-8D35-43C2-9901-FEE53AD688FC}
		{6D5D5543-834C-41E6-8C5F-9B983A06E55A} = {1AB05732-8D35-43C2-9901-FEE53AD688FC}
		{F0CFF9F7-B73A-4A3B-9E24-05906E259BA7} = {002A68FF-56FE-45A7-BA5A-BE57F9BD7A3C}
		{E98E9BA4-4C9A-41AE-9C32-0C3C0A777EA3} = {1A56D0F3-A76D-4557-96E6-430A366A2E26}
		{B4AF93D1-9600-4D9B-A839-A96D42EDFB80} = {A0315933-E5BB-4802-8908-E5DF3122CE34}
		{DEB4E69D-A90C-46D4-8B4B-7D14EA31B02B} = {A0315933-E5BB-4802-8908-E5DF3122CE34}
		{BA8FCCB1-17D1-4D44-B3CE-A48C1E294423} = {BEE08A0A-A1AD-4E9A-94BA-A9CF9AF64029}
		{29FF3122-2C57-4456-9562-7E9994246B74} = {492B68BA-A624-4D83-AB63-3B54A43A68D7}
	EndGlobalSection
	GlobalSection(ExtensibilityGlobals) = postSolution
		SolutionGuid = {B592BC65-D6CC-4BFD-9245-D678C5152D48}
	EndGlobalSection
EndGlobal
